
Microsoft Visual Studio Solution File, Format Version 12.00
# Visual Studio Version 17
VisualStudioVersion = 17.13.35919.96
MinimumVisualStudioVersion = 10.0.40219.1
Project("{2150E333-8FDC-42A3-9474-1A3956D46DE8}") = "Services", "Services", "{02EA681E-C7D8-13C7-8484-4AC65E1B71E8}"
EndProject
Project("{2150E333-8FDC-42A3-9474-1A3956D46DE8}") = "Catalog", "Catalog", "{BC4E59D7-7C08-4935-92EC-25C9C74B3668}"
EndProject
Project("{FAE04EC0-301F-11D3-BF4B-00C04F79EFBC}") = "MultiShop.Catalog", "Services\Catalog\MultiShop.Catalog\MultiShop.Catalog.csproj", "{7ED1FCBE-DE98-426A-85FB-63B411280B1B}"
EndProject
Project("{FAE04EC0-301F-11D3-BF4B-00C04F79EFBC}") = "MultiShop.Discount", "MultiShop.Discount\MultiShop.Discount.csproj", "{22D5A734-C24B-4EEA-9E23-B20BC57AF44C}"
EndProject
Project("{2150E333-8FDC-42A3-9474-1A3956D46DE8}") = "Discount", "Discount", "{24D1B747-1257-40CD-BAA2-CDD0C40A4115}"
EndProject
Project("{2150E333-8FDC-42A3-9474-1A3956D46DE8}") = "Order", "Order", "{D94DE83F-A345-48E5-A98C-09C0CA48FC5B}"
EndProject
Project("{2150E333-8FDC-42A3-9474-1A3956D46DE8}") = "Core", "Core", "{8FCB2D58-6E4D-48A7-B74F-E59B660F16B9}"
EndProject
Project("{2150E333-8FDC-42A3-9474-1A3956D46DE8}") = "Infrastructure", "Infrastructure", "{B6B240C3-D142-4132-8E4F-64CF52FE92C5}"
EndProject
Project("{2150E333-8FDC-42A3-9474-1A3956D46DE8}") = "Presentation", "Presentation", "{535AEE9F-C529-4CCC-8C24-2C192560BED6}"
EndProject
Project("{FAE04EC0-301F-11D3-BF4B-00C04F79EFBC}") = "MultiShop.Order.Domain", "MultiShop.Order.Domain\MultiShop.Order.Domain.csproj", "{17FA99DD-95B7-4428-B3A0-1A318E142403}"
EndProject
Project("{FAE04EC0-301F-11D3-BF4B-00C04F79EFBC}") = "MultiShop.Order.Application", "MultiShop.Order.Application\MultiShop.Order.Application.csproj", "{0B0D56FA-D108-43A9-B037-52EA40A8EB46}"
EndProject
Project("{FAE04EC0-301F-11D3-BF4B-00C04F79EFBC}") = "MultiShop.Order.Persistence", "MultiShop.Order.Persistence\MultiShop.Order.Persistence.csproj", "{3FAFE8FA-211D-4B3D-AF88-CE413316CC5B}"
EndProject
Project("{FAE04EC0-301F-11D3-BF4B-00C04F79EFBC}") = "MultiShop.Order.WebApi", "MultiShop.Order.WebApi\MultiShop.Order.WebApi.csproj", "{E3A84918-FF45-457A-9284-ED07505DBB6D}"
EndProject
Project("{2150E333-8FDC-42A3-9474-1A3956D46DE8}") = "IdentityServer", "IdentityServer", "{444FFE38-6940-4F5B-B59F-CDDCCBA3ED0C}"
EndProject
Project("{FAE04EC0-301F-11D3-BF4B-00C04F79EFBC}") = "packet", "packet\packet.csproj", "{384A65C3-3AED-45D4-E713-EB8F346F52C2}"
EndProject
Project("{2150E333-8FDC-42A3-9474-1A3956D46DE8}") = "Requirements", "Requirements", "{09992C68-134F-4285-BA08-F08DAF838001}"
	ProjectSection(SolutionItems) = preProject
		IdentityServerVersionErrorSolution.txt = IdentityServerVersionErrorSolution.txt
		PortainerCmd.txt = PortainerCmd.txt
		PortNumbers.txt = PortNumbers.txt
	EndProjectSection
EndProject
Global
	GlobalSection(SolutionConfigurationPlatforms) = preSolution
		Debug|Any CPU = Debug|Any CPU
		Release|Any CPU = Release|Any CPU
	EndGlobalSection
	GlobalSection(ProjectConfigurationPlatforms) = postSolution
		{7ED1FCBE-DE98-426A-85FB-63B411280B1B}.Debug|Any CPU.ActiveCfg = Debug|Any CPU
		{7ED1FCBE-DE98-426A-85FB-63B411280B1B}.Debug|Any CPU.Build.0 = Debug|Any CPU
		{7ED1FCBE-DE98-426A-85FB-63B411280B1B}.Release|Any CPU.ActiveCfg = Release|Any CPU
		{7ED1FCBE-DE98-426A-85FB-63B411280B1B}.Release|Any CPU.Build.0 = Release|Any CPU
		{22D5A734-C24B-4EEA-9E23-B20BC57AF44C}.Debug|Any CPU.ActiveCfg = Debug|Any CPU
		{22D5A734-C24B-4EEA-9E23-B20BC57AF44C}.Debug|Any CPU.Build.0 = Debug|Any CPU
		{22D5A734-C24B-4EEA-9E23-B20BC57AF44C}.Release|Any CPU.ActiveCfg = Release|Any CPU
		{22D5A734-C24B-4EEA-9E23-B20BC57AF44C}.Release|Any CPU.Build.0 = Release|Any CPU
		{17FA99DD-95B7-4428-B3A0-1A318E142403}.Debug|Any CPU.ActiveCfg = Debug|Any CPU
		{17FA99DD-95B7-4428-B3A0-1A318E142403}.Debug|Any CPU.Build.0 = Debug|Any CPU
		{17FA99DD-95B7-4428-B3A0-1A318E142403}.Release|Any CPU.ActiveCfg = Release|Any CPU
		{17FA99DD-95B7-4428-B3A0-1A318E142403}.Release|Any CPU.Build.0 = Release|Any CPU
		{0B0D56FA-D108-43A9-B037-52EA40A8EB46}.Debug|Any CPU.ActiveCfg = Debug|Any CPU
		{0B0D56FA-D108-43A9-B037-52EA40A8EB46}.Debug|Any CPU.Build.0 = Debug|Any CPU
		{0B0D56FA-D108-43A9-B037-52EA40A8EB46}.Release|Any CPU.ActiveCfg = Release|Any CPU
		{0B0D56FA-D108-43A9-B037-52EA40A8EB46}.Release|Any CPU.Build.0 = Release|Any CPU
		{3FAFE8FA-211D-4B3D-AF88-CE413316CC5B}.Debug|Any CPU.ActiveCfg = Debug|Any CPU
		{3FAFE8FA-211D-4B3D-AF88-CE413316CC5B}.Debug|Any CPU.Build.0 = Debug|Any CPU
		{3FAFE8FA-211D-4B3D-AF88-CE413316CC5B}.Release|Any CPU.ActiveCfg = Release|Any CPU
		{3FAFE8FA-211D-4B3D-AF88-CE413316CC5B}.Release|Any CPU.Build.0 = Release|Any CPU
		{E3A84918-FF45-457A-9284-ED07505DBB6D}.Debug|Any CPU.ActiveCfg = Debug|Any CPU
		{E3A84918-FF45-457A-9284-ED07505DBB6D}.Debug|Any CPU.Build.0 = Debug|Any CPU
		{E3A84918-FF45-457A-9284-ED07505DBB6D}.Release|Any CPU.ActiveCfg = Release|Any CPU
		{E3A84918-FF45-457A-9284-ED07505DBB6D}.Release|Any CPU.Build.0 = Release|Any CPU
		{384A65C3-3AED-45D4-E713-EB8F346F52C2}.Debug|Any CPU.ActiveCfg = Debug|Any CPU
		{384A65C3-3AED-45D4-E713-EB8F346F52C2}.Debug|Any CPU.Build.0 = Debug|Any CPU
		{384A65C3-3AED-45D4-E713-EB8F346F52C2}.Release|Any CPU.ActiveCfg = Release|Any CPU
		{384A65C3-3AED-45D4-E713-EB8F346F52C2}.Release|Any CPU.Build.0 = Release|Any CPU
	EndGlobalSection
	GlobalSection(SolutionProperties) = preSolution
		HideSolutionNode = FALSE
	EndGlobalSection
	GlobalSection(NestedProjects) = preSolution
		{BC4E59D7-7C08-4935-92EC-25C9C74B3668} = {02EA681E-C7D8-13C7-8484-4AC65E1B71E8}
		{7ED1FCBE-DE98-426A-85FB-63B411280B1B} = {BC4E59D7-7C08-4935-92EC-25C9C74B3668}
		{22D5A734-C24B-4EEA-9E23-B20BC57AF44C} = {24D1B747-1257-40CD-BAA2-CDD0C40A4115}
		{24D1B747-1257-40CD-BAA2-CDD0C40A4115} = {02EA681E-C7D8-13C7-8484-4AC65E1B71E8}
		{D94DE83F-A345-48E5-A98C-09C0CA48FC5B} = {02EA681E-C7D8-13C7-8484-4AC65E1B71E8}
		{8FCB2D58-6E4D-48A7-B74F-E59B660F16B9} = {D94DE83F-A345-48E5-A98C-09C0CA48FC5B}
		{B6B240C3-D142-4132-8E4F-64CF52FE92C5} = {D94DE83F-A345-48E5-A98C-09C0CA48FC5B}
		{535AEE9F-C529-4CCC-8C24-2C192560BED6} = {D94DE83F-A345-48E5-A98C-09C0CA48FC5B}
		{17FA99DD-95B7-4428-B3A0-1A318E142403} = {8FCB2D58-6E4D-48A7-B74F-E59B660F16B9}
		{0B0D56FA-D108-43A9-B037-52EA40A8EB46} = {8FCB2D58-6E4D-48A7-B74F-E59B660F16B9}
		{3FAFE8FA-211D-4B3D-AF88-CE413316CC5B} = {B6B240C3-D142-4132-8E4F-64CF52FE92C5}
		{E3A84918-FF45-457A-9284-ED07505DBB6D} = {535AEE9F-C529-4CCC-8C24-2C192560BED6}
		{384A65C3-3AED-45D4-E713-EB8F346F52C2} = {444FFE38-6940-4F5B-B59F-CDDCCBA3ED0C}
	EndGlobalSection
	GlobalSection(ExtensibilityGlobals) = postSolution
		SolutionGuid = {CBBEB1F7-10EF-4B7E-913C-CD6E4323620C}
	EndGlobalSection
EndGlobal
